<?xml version="1.0" encoding="utf-8"?>
<Project ToolsVersion="4.0" xmlns="http://schemas.microsoft.com/developer/msbuild/2003">
  <ItemGroup>
    <Filter Include="Source Files">
      <UniqueIdentifier>{ccaf01e6-ca6f-4e1a-b8ba-c91713dbbc11}</UniqueIdentifier>
      <Extensions>cpp;c;cxx;rc;def;r;odl;idl;hpj;bat</Extensions>
    </Filter>
    <Filter Include="Header Files">
      <UniqueIdentifier>{f2764f04-8efd-4b99-9859-cf8ea1a58261}</UniqueIdentifier>
      <Extensions>h;hpp;hxx;hm;inl</Extensions>
    </Filter>
    <Filter Include="Resource Files">
      <UniqueIdentifier>{7a18d611-4920-4bf0-8480-92c123c36dea}</UniqueIdentifier>
      <Extensions>ico;cur;bmp;dlg;rc2;rct;bin;rgs;gif;jpg;jpeg;jpe</Extensions>
    </Filter>
  </ItemGroup>
  <ItemGroup>
    <ClCompile Include="CombinedAPISample.cpp">
      <Filter>Source Files</Filter>
    </ClCompile>
    <ClCompile Include="CombinedAPISampleDlg.cpp">
      <Filter>Source Files</Filter>
    </ClCompile>
    <ClCompile Include="Comm32.cpp">
      <Filter>Source Files</Filter>
    </ClCompile>
    <ClCompile Include="CommandConstruction.cpp">
      <Filter>Source Files</Filter>
    </ClCompile>
    <ClCompile Include="CommandHandling.cpp">
      <Filter>Source Files</Filter>
    </ClCompile>
    <ClCompile Include="ComPortSettings.cpp">
      <Filter>Source Files</Filter>
    </ClCompile>
    <ClCompile Include="ComPortTimeout.cpp">
      <Filter>Source Files</Filter>
    </ClCompile>
    <ClCompile Include="Conversions.cpp">
      <Filter>Source Files</Filter>
    </ClCompile>
    <ClCompile Include="IlluminatorFiringRate.cpp">
      <Filter>Source Files</Filter>
    </ClCompile>
    <ClCompile Include="INIFileRW.cpp">
      <Filter>Source Files</Filter>
    </ClCompile>
    <ClCompile Include="NewAlertFlagsDlg.cpp">
      <Filter>Source Files</Filter>
    </ClCompile>
    <ClCompile Include="ProgramOptions.cpp">
      <Filter>Source Files</Filter>
    </ClCompile>
    <ClCompile Include="ROMFileDlg.cpp">
      <Filter>Source Files</Filter>
    </ClCompile>
    <ClCompile Include="StdAfx.cpp">
      <Filter>Source Files</Filter>
    </ClCompile>
    <ClCompile Include="SystemCRC.cpp">
      <Filter>Source Files</Filter>
    </ClCompile>
    <ClCompile Include="SystemFeaturesDlg.cpp">
      <Filter>Source Files</Filter>
    </ClCompile>
  </ItemGroup>
  <ItemGroup>
    <ResourceCompile Include="CombinedAPISample.rc">
      <Filter>Source Files</Filter>
    </ResourceCompile>
  </ItemGroup>
  <ItemGroup>
    <ClInclude Include="APIStructures.h">
      <Filter>Header Files</Filter>
    </ClInclude>
    <ClInclude Include="CombinedAPISample.h">
      <Filter>Header Files</Filter>
    </ClInclude>
    <ClInclude Include="CombinedAPISampleDlg.h">
      <Filter>Header Files</Filter>
    </ClInclude>
    <ClInclude Include="Comm32.h">
      <Filter>Header Files</Filter>
    </ClInclude>
    <ClInclude Include="CommandHandling.h">
      <Filter>Header Files</Filter>
    </ClInclude>
    <ClInclude Include="ComPortSettings.h">
      <Filter>Header Files</Filter>
    </ClInclude>
    <ClInclude Include="ComPortTimeout.h">
      <Filter>Header Files</Filter>
    </ClInclude>
    <ClInclude Include="Conversions.h">
      <Filter>Header Files</Filter>
    </ClInclude>
    <ClInclude Include="IlluminatorFiringRate.h">
      <Filter>Header Files</Filter>
    </ClInclude>
    <ClInclude Include="INIFileRW.h">
      <Filter>Header Files</Filter>
    </ClInclude>
    <ClInclude Include="NewAlertFlagsDlg.h">
      <Filter>Header Files</Filter>
    </ClInclude>
    <ClInclude Include="ProgramOptions.h">
      <Filter>Header Files</Filter>
    </ClInclude>
    <ClInclude Include="Resource.h">
      <Filter>Header Files</Filter>
    </ClInclude>
    <ClInclude Include="ROMFileDlg.h">
      <Filter>Header Files</Filter>
    </ClInclude>
    <ClInclude Include="StdAfx.h">
      <Filter>Header Files</Filter>
    </ClInclude>
    <ClInclude Include="SystemFeaturesDlg.h">
      <Filter>Header Files</Filter>
    </ClInclude>
  </ItemGroup>
  <ItemGroup>
    <CustomBuild Include="res\bitmap1.bmp">
      <Filter>Resource Files</Filter>
    </CustomBuild>
    <CustomBuild Include="res\bmp00001.bmp">
      <Filter>Resource Files</Filter>
    </CustomBuild>
    <CustomBuild Include="res\CombinedAPISample.ico">
      <Filter>Resource Files</Filter>
    </CustomBuild>
    <CustomBuild Include="res\CombinedAPISample.rc2">
      <Filter>Resource Files</Filter>
    </CustomBuild>
    <CustomBuild Include="res\timeout.ico">
      <Filter>Resource Files</Filter>
    </CustomBuild>
    <CustomBuild Include="Documents\ReadMe.txt" />
  </ItemGroup>
</Project>